
Microsoft Visual Studio Solution File, Format Version 12.00
# Visual Studio Version 17
VisualStudioVersion = 17.11.35327.3
MinimumVisualStudioVersion = 10.0.40219.1
Project("{FAE04EC0-301F-11D3-BF4B-00C04F79EFBC}") = "Dziennik", "Dziennik\Dziennik.csproj", "{90DD444E-9C73-4C56-8772-BBE241AEBFFE}"
EndProject
Global
	GlobalSection(SolutionConfigurationPlatforms) = preSolution
		Debug|Any CPU = Debug|Any CPU
		Release|Any CPU = Release|Any CPU
	EndGlobalSection
	GlobalSection(ProjectConfigurationPlatforms) = postSolution
		{90DD444E-9C73-4C56-8772-BBE241AEBFFE}.Debug|Any CPU.ActiveCfg = Debug|Any CPU
		{90DD444E-9C73-4C56-8772-BBE241AEBFFE}.Debug|Any CPU.Build.0 = Debug|Any CPU
		{90DD444E-9C73-4C56-8772-BBE241AEBFFE}.Release|Any CPU.ActiveCfg = Release|Any CPU
		{90DD444E-9C73-4C56-8772-BBE241AEBFFE}.Release|Any CPU.Build.0 = Release|Any CPU
	EndGlobalSection
	GlobalSection(SolutionProperties) = preSolution
		HideSolutionNode = FALSE
	EndGlobalSection
	GlobalSection(ExtensibilityGlobals) = postSolution
		SolutionGuid = {911A1303-AF81-41B6-AB8B-0A94D61A0DF1}
	EndGlobalSection
EndGlobal
